
Microsoft Visual Studio Solution File, Format Version 12.00
# Visual Studio 15
VisualStudioVersion = 15.0.27428.2037
MinimumVisualStudioVersion = 10.0.40219.1
Project("{2150E333-8FDC-42A3-9474-1A3956D46DE8}") = "src", "src", "{9B8E2278-3B8F-4E05-B6FE-8D5DC881E513}"
EndProject
Project("{9A19103F-16F7-4668-BE54-9A1E7A4F7556}") = "CompiledFunctionsV2Container.FunctionApp", "src\CompiledFunctionsV2Container.FunctionApp\CompiledFunctionsV2Container.FunctionApp.csproj", "{D15B08B5-06B5-42A5-A167-0E0BBC516284}"
EndProject
Global
	GlobalSection(SolutionConfigurationPlatforms) = preSolution
		Debug|Any CPU = Debug|Any CPU
		Release|Any CPU = Release|Any CPU
	EndGlobalSection
	GlobalSection(ProjectConfigurationPlatforms) = postSolution
		{D15B08B5-06B5-42A5-A167-0E0BBC516284}.Debug|Any CPU.ActiveCfg = Debug|Any CPU
		{D15B08B5-06B5-42A5-A167-0E0BBC516284}.Debug|Any CPU.Build.0 = Debug|Any CPU
		{D15B08B5-06B5-42A5-A167-0E0BBC516284}.Release|Any CPU.ActiveCfg = Release|Any CPU
		{D15B08B5-06B5-42A5-A167-0E0BBC516284}.Release|Any CPU.Build.0 = Release|Any CPU
	EndGlobalSection
	GlobalSection(SolutionProperties) = preSolution
		HideSolutionNode = FALSE
	EndGlobalSection
	GlobalSection(NestedProjects) = preSolution
		{D15B08B5-06B5-42A5-A167-0E0BBC516284} = {9B8E2278-3B8F-4E05-B6FE-8D5DC881E513}
	EndGlobalSection
	GlobalSection(ExtensibilityGlobals) = postSolution
		SolutionGuid = {ADDC0A8E-97C7-4227-892A-E2AA654943A9}
	EndGlobalSection
EndGlobal
